
Microsoft Visual Studio Solution File, Format Version 12.00
# Visual Studio Version 17
VisualStudioVersion = 17.1.32421.90
MinimumVisualStudioVersion = 10.0.40219.1
Project("{FAE04EC0-301F-11D3-BF4B-00C04F79EFBC}") = "ProgWebIII", "ProgWebIII\ProgWebIII.csproj", "{64F8A08F-8935-4DD0-91DA-0D7DE4587C21}"
EndProject
Global
	GlobalSection(SolutionConfigurationPlatforms) = preSolution
		Debug|Any CPU = Debug|Any CPU
		Release|Any CPU = Release|Any CPU
	EndGlobalSection
	GlobalSection(ProjectConfigurationPlatforms) = postSolution
		{64F8A08F-8935-4DD0-91DA-0D7DE4587C21}.Debug|Any CPU.ActiveCfg = Debug|Any CPU
		{64F8A08F-8935-4DD0-91DA-0D7DE4587C21}.Debug|Any CPU.Build.0 = Debug|Any CPU
		{64F8A08F-8935-4DD0-91DA-0D7DE4587C21}.Release|Any CPU.ActiveCfg = Release|Any CPU
		{64F8A08F-8935-4DD0-91DA-0D7DE4587C21}.Release|Any CPU.Build.0 = Release|Any CPU
	EndGlobalSection
	GlobalSection(SolutionProperties) = preSolution
		HideSolutionNode = FALSE
	EndGlobalSection
	GlobalSection(ExtensibilityGlobals) = postSolution
		SolutionGuid = {BF2CECCE-CB14-410C-8246-5941BE302F21}
	EndGlobalSection
EndGlobal
